
Microsoft Visual Studio Solution File, Format Version 12.00
# Visual Studio 15
VisualStudioVersion = 15.0.26730.15
MinimumVisualStudioVersion = 10.0.40219.1
Project("{FAE04EC0-301F-11D3-BF4B-00C04F79EFBC}") = "ProductBookingAPI", "ProductBookingAPI\ProductBookingAPI.csproj", "{29727F77-8D1C-4DBF-9D2C-1AAD2CE869CC}"
EndProject
Project("{FAE04EC0-301F-11D3-BF4B-00C04F79EFBC}") = "ProductDataAccess", "ProductDataAccess\ProductDataAccess.csproj", "{5AA7BD6D-BA7E-4D32-B95D-6C9BA1EBFF3F}"
EndProject
Global
	GlobalSection(SolutionConfigurationPlatforms) = preSolution
		Debug|Any CPU = Debug|Any CPU
		Release|Any CPU = Release|Any CPU
	EndGlobalSection
	GlobalSection(ProjectConfigurationPlatforms) = postSolution
		{29727F77-8D1C-4DBF-9D2C-1AAD2CE869CC}.Debug|Any CPU.ActiveCfg = Debug|Any CPU
		{29727F77-8D1C-4DBF-9D2C-1AAD2CE869CC}.Debug|Any CPU.Build.0 = Debug|Any CPU
		{29727F77-8D1C-4DBF-9D2C-1AAD2CE869CC}.Release|Any CPU.ActiveCfg = Release|Any CPU
		{29727F77-8D1C-4DBF-9D2C-1AAD2CE869CC}.Release|Any CPU.Build.0 = Release|Any CPU
		{5AA7BD6D-BA7E-4D32-B95D-6C9BA1EBFF3F}.Debug|Any CPU.ActiveCfg = Debug|Any CPU
		{5AA7BD6D-BA7E-4D32-B95D-6C9BA1EBFF3F}.Debug|Any CPU.Build.0 = Debug|Any CPU
		{5AA7BD6D-BA7E-4D32-B95D-6C9BA1EBFF3F}.Release|Any CPU.ActiveCfg = Release|Any CPU
		{5AA7BD6D-BA7E-4D32-B95D-6C9BA1EBFF3F}.Release|Any CPU.Build.0 = Release|Any CPU
	EndGlobalSection
	GlobalSection(SolutionProperties) = preSolution
		HideSolutionNode = FALSE
	EndGlobalSection
	GlobalSection(ExtensibilityGlobals) = postSolution
		SolutionGuid = {F6FD8D78-67C6-4E9E-984D-47D7B408E9F5}
	EndGlobalSection
EndGlobal
